
Microsoft Visual Studio Solution File, Format Version 12.00
Project("{FAE04EC0-301F-11D3-BF4B-00C04F79EFBC}") = "SodokuAI.BL", "SodokuAI.BL\SodokuAI.BL.csproj", "{4F403069-0B0E-4B6F-A24A-ACE793F23AAF}"
EndProject
Project("{FAE04EC0-301F-11D3-BF4B-00C04F79EFBC}") = "SodokuAI.BL.Tests", "SodokuAI.BL.Tests\SodokuAI.BL.Tests.csproj", "{CE016DAB-59C3-4E47-87BC-037439EC8988}"
EndProject
Global
	GlobalSection(SolutionConfigurationPlatforms) = preSolution
		Debug|Any CPU = Debug|Any CPU
		Release|Any CPU = Release|Any CPU
	EndGlobalSection
	GlobalSection(ProjectConfigurationPlatforms) = postSolution
		{4F403069-0B0E-4B6F-A24A-ACE793F23AAF}.Debug|Any CPU.ActiveCfg = Debug|Any CPU
		{4F403069-0B0E-4B6F-A24A-ACE793F23AAF}.Debug|Any CPU.Build.0 = Debug|Any CPU
		{4F403069-0B0E-4B6F-A24A-ACE793F23AAF}.Release|Any CPU.ActiveCfg = Release|Any CPU
		{4F403069-0B0E-4B6F-A24A-ACE793F23AAF}.Release|Any CPU.Build.0 = Release|Any CPU
		{CE016DAB-59C3-4E47-87BC-037439EC8988}.Debug|Any CPU.ActiveCfg = Debug|Any CPU
		{CE016DAB-59C3-4E47-87BC-037439EC8988}.Debug|Any CPU.Build.0 = Debug|Any CPU
		{CE016DAB-59C3-4E47-87BC-037439EC8988}.Release|Any CPU.ActiveCfg = Release|Any CPU
		{CE016DAB-59C3-4E47-87BC-037439EC8988}.Release|Any CPU.Build.0 = Release|Any CPU
	EndGlobalSection
EndGlobal
